
Microsoft Visual Studio Solution File, Format Version 12.00
# Visual Studio Version 16
VisualStudioVersion = 16.0.31321.278
MinimumVisualStudioVersion = 10.0.40219.1
Project("{FAE04EC0-301F-11D3-BF4B-00C04F79EFBC}") = "MyFirstApp", "MyFirstApp.csproj", "{02240150-0434-40CC-BF1B-37D03B6CA5DF}"
EndProject
Global
	GlobalSection(SolutionConfigurationPlatforms) = preSolution
		Debug|Any CPU = Debug|Any CPU
		Release|Any CPU = Release|Any CPU
	EndGlobalSection
	GlobalSection(ProjectConfigurationPlatforms) = postSolution
		{02240150-0434-40CC-BF1B-37D03B6CA5DF}.Debug|Any CPU.ActiveCfg = Debug|Any CPU
		{02240150-0434-40CC-BF1B-37D03B6CA5DF}.Debug|Any CPU.Build.0 = Debug|Any CPU
		{02240150-0434-40CC-BF1B-37D03B6CA5DF}.Release|Any CPU.ActiveCfg = Release|Any CPU
		{02240150-0434-40CC-BF1B-37D03B6CA5DF}.Release|Any CPU.Build.0 = Release|Any CPU
	EndGlobalSection
	GlobalSection(SolutionProperties) = preSolution
		HideSolutionNode = FALSE
	EndGlobalSection
	GlobalSection(ExtensibilityGlobals) = postSolution
		SolutionGuid = {A1B0739E-E3C8-4247-925F-35B81F995E60}
	EndGlobalSection
EndGlobal
